// !$*UTF8*$!
{
	archiveVersion = 1;
	classes = {
	};
	objectVersion = 55;
	objects = {

/* Begin PBXBuildFile section */
		18047D2527609E21007254B6 /* AnhnqInstaCloneApp.swift in Sources */ = {isa = PBXBuildFile; fileRef = 18047D2427609E21007254B6 /* AnhnqInstaCloneApp.swift */; };
		18047D2727609E21007254B6 /* ContentView.swift in Sources */ = {isa = PBXBuildFile; fileRef = 18047D2627609E21007254B6 /* ContentView.swift */; };
		18047D2927609E23007254B6 /* Assets.xcassets in Resources */ = {isa = PBXBuildFile; fileRef = 18047D2827609E23007254B6 /* Assets.xcassets */; };
		18047D2C27609E23007254B6 /* Preview Assets.xcassets in Resources */ = {isa = PBXBuildFile; fileRef = 18047D2B27609E23007254B6 /* Preview Assets.xcassets */; };
		18047D3627609E24007254B6 /* AnhnqInstaCloneTests.swift in Sources */ = {isa = PBXBuildFile; fileRef = 18047D3527609E24007254B6 /* AnhnqInstaCloneTests.swift */; };
		18047D4027609E24007254B6 /* AnhnqInstaCloneUITests.swift in Sources */ = {isa = PBXBuildFile; fileRef = 18047D3F27609E24007254B6 /* AnhnqInstaCloneUITests.swift */; };
		18047D4227609E24007254B6 /* AnhnqInstaCloneUITestsLaunchTests.swift in Sources */ = {isa = PBXBuildFile; fileRef = 18047D4127609E24007254B6 /* AnhnqInstaCloneUITestsLaunchTests.swift */; };
		18047D592760AA10007254B6 /* SignUpView.swift in Sources */ = {isa = PBXBuildFile; fileRef = 18047D582760AA10007254B6 /* SignUpView.swift */; };
		18047D5D2760B035007254B6 /* SignInView.swift in Sources */ = {isa = PBXBuildFile; fileRef = 18047D5C2760B035007254B6 /* SignInView.swift */; };
		18047D5F2760B058007254B6 /* GradientBackgroundView.swift in Sources */ = {isa = PBXBuildFile; fileRef = 18047D5E2760B058007254B6 /* GradientBackgroundView.swift */; };
		18047D632760B6F9007254B6 /* CommonTextFieldView.swift in Sources */ = {isa = PBXBuildFile; fileRef = 18047D622760B6F9007254B6 /* CommonTextFieldView.swift */; };
		180C436F27795291009135C6 /* ImagePicker.swift in Sources */ = {isa = PBXBuildFile; fileRef = 180C436E27795291009135C6 /* ImagePicker.swift */; };
		180C4372277983BC009135C6 /* IOS-Instagram.postman_collection.json in Resources */ = {isa = PBXBuildFile; fileRef = 180C4371277983BC009135C6 /* IOS-Instagram.postman_collection.json */; };
		180C4374277987E8009135C6 /* UserModel.swift in Sources */ = {isa = PBXBuildFile; fileRef = 180C4373277987E8009135C6 /* UserModel.swift */; };
		180C43762779ACEC009135C6 /* AuthService.swift in Sources */ = {isa = PBXBuildFile; fileRef = 180C43752779ACEC009135C6 /* AuthService.swift */; };
		18194839277D7B5500B2DB6D /* ReelsPlayer.swift in Sources */ = {isa = PBXBuildFile; fileRef = 18194838277D7B5500B2DB6D /* ReelsPlayer.swift */; };
		1866345E2769CE8100C1B515 /* TestView.swift in Sources */ = {isa = PBXBuildFile; fileRef = 1866345D2769CE8100C1B515 /* TestView.swift */; };
		189901CF277C602D005B0FFB /* ActivityViewModel.swift in Sources */ = {isa = PBXBuildFile; fileRef = 189901CE277C602D005B0FFB /* ActivityViewModel.swift */; };
		189901D2277C619E005B0FFB /* ActivityItemView.swift in Sources */ = {isa = PBXBuildFile; fileRef = 189901D1277C619E005B0FFB /* ActivityItemView.swift */; };
		189901D4277C61FB005B0FFB /* Enums.swift in Sources */ = {isa = PBXBuildFile; fileRef = 189901D3277C61FB005B0FFB /* Enums.swift */; };
		189901D6277C64D0005B0FFB /* ActivityModel.swift in Sources */ = {isa = PBXBuildFile; fileRef = 189901D5277C64D0005B0FFB /* ActivityModel.swift */; };
		189901D8277CC566005B0FFB /* ReelModel.swift in Sources */ = {isa = PBXBuildFile; fileRef = 189901D7277CC565005B0FFB /* ReelModel.swift */; };
		189901DB277CC6F9005B0FFB /* CustomVideoPlayer.swift in Sources */ = {isa = PBXBuildFile; fileRef = 189901DA277CC6F9005B0FFB /* CustomVideoPlayer.swift */; };
		189901E2277CCDFF005B0FFB /* Reel5.mp4 in Resources */ = {isa = PBXBuildFile; fileRef = 189901DC277CCDF4005B0FFB /* Reel5.mp4 */; };
		189901E3277CCDFF005B0FFB /* Reel6.mp4 in Resources */ = {isa = PBXBuildFile; fileRef = 189901DD277CCDF5005B0FFB /* Reel6.mp4 */; };
		189901E4277CCDFF005B0FFB /* Reel3.mp4 in Resources */ = {isa = PBXBuildFile; fileRef = 189901DE277CCDF7005B0FFB /* Reel3.mp4 */; };
		189901E6277CCDFF005B0FFB /* Reel4.mp4 in Resources */ = {isa = PBXBuildFile; fileRef = 189901E0277CCDFE005B0FFB /* Reel4.mp4 */; };
		189901E7277CCDFF005B0FFB /* Reel1.mp4 in Resources */ = {isa = PBXBuildFile; fileRef = 189901E1277CCDFF005B0FFB /* Reel1.mp4 */; };
		189901E9277CCEB9005B0FFB /* Reel2.mp4 in Resources */ = {isa = PBXBuildFile; fileRef = 189901E8277CCEB8005B0FFB /* Reel2.mp4 */; };
		18A2DE3F277C09B4004E047B /* AsyncImageLoader.swift in Sources */ = {isa = PBXBuildFile; fileRef = 18A2DE3E277C09B4004E047B /* AsyncImageLoader.swift */; };
		18A2DE43277C15B2004E047B /* AsyncImageView.swift in Sources */ = {isa = PBXBuildFile; fileRef = 18A2DE42277C15B2004E047B /* AsyncImageView.swift */; };
		18A2DE45277C5239004E047B /* ProfileViewModel.swift in Sources */ = {isa = PBXBuildFile; fileRef = 18A2DE44277C5239004E047B /* ProfileViewModel.swift */; };
		18B0D0322774263E006E4122 /* HomeView.swift in Sources */ = {isa = PBXBuildFile; fileRef = 18B0D0312774263E006E4122 /* HomeView.swift */; };
		18B0D03427742651006E4122 /* SearchView.swift in Sources */ = {isa = PBXBuildFile; fileRef = 18B0D03327742651006E4122 /* SearchView.swift */; };
		18B0D0362774265E006E4122 /* ReelsView.swift in Sources */ = {isa = PBXBuildFile; fileRef = 18B0D0352774265E006E4122 /* ReelsView.swift */; };
		18B0D03827742670006E4122 /* ActivityView.swift in Sources */ = {isa = PBXBuildFile; fileRef = 18B0D03727742670006E4122 /* ActivityView.swift */; };
		18B0D03A2774267A006E4122 /* ProfileView.swift in Sources */ = {isa = PBXBuildFile; fileRef = 18B0D0392774267A006E4122 /* ProfileView.swift */; };
		18B0D03C277426B2006E4122 /* DashboardView.swift in Sources */ = {isa = PBXBuildFile; fileRef = 18B0D03B277426B2006E4122 /* DashboardView.swift */; };
		18B3D00E2770449A00DB5BB6 /* SignInHandler.swift in Sources */ = {isa = PBXBuildFile; fileRef = 18B3D00D2770449A00DB5BB6 /* SignInHandler.swift */; };
		18B3D010277044A800DB5BB6 /* APIHandler.swift in Sources */ = {isa = PBXBuildFile; fileRef = 18B3D00F277044A800DB5BB6 /* APIHandler.swift */; };
		18B3D01327705C5200DB5BB6 /* Alamofire in Frameworks */ = {isa = PBXBuildFile; productRef = 18B3D01227705C5200DB5BB6 /* Alamofire */; };
		18B3D0152770711B00DB5BB6 /* WoofResponse.swift in Sources */ = {isa = PBXBuildFile; fileRef = 18B3D0142770711B00DB5BB6 /* WoofResponse.swift */; };
		18BD3134277AC93C00943E4A /* StoryView.swift in Sources */ = {isa = PBXBuildFile; fileRef = 18BD3133277AC93B00943E4A /* StoryView.swift */; };
		18BD3136277AC95200943E4A /* PostView.swift in Sources */ = {isa = PBXBuildFile; fileRef = 18BD3135277AC95200943E4A /* PostView.swift */; };
		18BD3138277AEAA300943E4A /* PostModel.swift in Sources */ = {isa = PBXBuildFile; fileRef = 18BD3137277AEAA300943E4A /* PostModel.swift */; };
		18BD313A277B7D8600943E4A /* HighlightText.swift in Sources */ = {isa = PBXBuildFile; fileRef = 18BD3139277B7D8500943E4A /* HighlightText.swift */; };
		18BD313C277B91D300943E4A /* GridImagesView.swift in Sources */ = {isa = PBXBuildFile; fileRef = 18BD313B277B91D300943E4A /* GridImagesView.swift */; };
		18C5D2A4276837E700C0EA6B /* SignInViewModel.swift in Sources */ = {isa = PBXBuildFile; fileRef = 18C5D2A3276837E700C0EA6B /* SignInViewModel.swift */; };
		18C5D2A627683E1000C0EA6B /* SignUpViewModel.swift in Sources */ = {isa = PBXBuildFile; fileRef = 18C5D2A527683E1000C0EA6B /* SignUpViewModel.swift */; };
		18C5D2A827687B8C00C0EA6B /* Constants.swift in Sources */ = {isa = PBXBuildFile; fileRef = 18C5D2A727687B8C00C0EA6B /* Constants.swift */; };
		18FA8D702766FDC500C20F91 /* Extensions.swift in Sources */ = {isa = PBXBuildFile; fileRef = 18FA8D6F2766FDC500C20F91 /* Extensions.swift */; };
		18FA8D752767052C00C20F91 /* CommonStyle.swift in Sources */ = {isa = PBXBuildFile; fileRef = 18FA8D742767052C00C20F91 /* CommonStyle.swift */; };
		18FA8D7A27673E5D00C20F91 /* ImgAssets.swift in Sources */ = {isa = PBXBuildFile; fileRef = 18FA8D7927673E5D00C20F91 /* ImgAssets.swift */; };
/* End PBXBuildFile section */

/* Begin PBXContainerItemProxy section */
		18047D3227609E24007254B6 /* PBXContainerItemProxy */ = {
			isa = PBXContainerItemProxy;
			containerPortal = 18047D1927609E21007254B6 /* Project object */;
			proxyType = 1;
			remoteGlobalIDString = 18047D2027609E21007254B6;
			remoteInfo = AnhnqInstaClone;
		};
		18047D3C27609E24007254B6 /* PBXContainerItemProxy */ = {
			isa = PBXContainerItemProxy;
			containerPortal = 18047D1927609E21007254B6 /* Project object */;
			proxyType = 1;
			remoteGlobalIDString = 18047D2027609E21007254B6;
			remoteInfo = AnhnqInstaClone;
		};
/* End PBXContainerItemProxy section */

/* Begin PBXFileReference section */
		18047D2127609E21007254B6 /* AnhnqInstaClone.app */ = {isa = PBXFileReference; explicitFileType = wrapper.application; includeInIndex = 0; path = AnhnqInstaClone.app; sourceTree = BUILT_PRODUCTS_DIR; };
		18047D2427609E21007254B6 /* AnhnqInstaCloneApp.swift */ = {isa = PBXFileReference; lastKnownFileType = sourcecode.swift; path = AnhnqInstaCloneApp.swift; sourceTree = "<group>"; };
		18047D2627609E21007254B6 /* ContentView.swift */ = {isa = PBXFileReference; lastKnownFileType = sourcecode.swift; path = ContentView.swift; sourceTree = "<group>"; };
		18047D2827609E23007254B6 /* Assets.xcassets */ = {isa = PBXFileReference; lastKnownFileType = folder.assetcatalog; path = Assets.xcassets; sourceTree = "<group>"; };
		18047D2B27609E23007254B6 /* Preview Assets.xcassets */ = {isa = PBXFileReference; lastKnownFileType = folder.assetcatalog; path = "Preview Assets.xcassets"; sourceTree = "<group>"; };
		18047D3127609E24007254B6 /* AnhnqInstaCloneTests.xctest */ = {isa = PBXFileReference; explicitFileType = wrapper.cfbundle; includeInIndex = 0; path = AnhnqInstaCloneTests.xctest; sourceTree = BUILT_PRODUCTS_DIR; };
		18047D3527609E24007254B6 /* AnhnqInstaCloneTests.swift */ = {isa = PBXFileReference; lastKnownFileType = sourcecode.swift; path = AnhnqInstaCloneTests.swift; sourceTree = "<group>"; };
		18047D3B27609E24007254B6 /* AnhnqInstaCloneUITests.xctest */ = {isa = PBXFileReference; explicitFileType = wrapper.cfbundle; includeInIndex = 0; path = AnhnqInstaCloneUITests.xctest; sourceTree = BUILT_PRODUCTS_DIR; };
		18047D3F27609E24007254B6 /* AnhnqInstaCloneUITests.swift */ = {isa = PBXFileReference; lastKnownFileType = sourcecode.swift; path = AnhnqInstaCloneUITests.swift; sourceTree = "<group>"; };
		18047D4127609E24007254B6 /* AnhnqInstaCloneUITestsLaunchTests.swift */ = {isa = PBXFileReference; lastKnownFileType = sourcecode.swift; path = AnhnqInstaCloneUITestsLaunchTests.swift; sourceTree = "<group>"; };
		18047D582760AA10007254B6 /* SignUpView.swift */ = {isa = PBXFileReference; lastKnownFileType = sourcecode.swift; path = SignUpView.swift; sourceTree = "<group>"; };
		18047D5C2760B035007254B6 /* SignInView.swift */ = {isa = PBXFileReference; lastKnownFileType = sourcecode.swift; path = SignInView.swift; sourceTree = "<group>"; };
		18047D5E2760B058007254B6 /* GradientBackgroundView.swift */ = {isa = PBXFileReference; lastKnownFileType = sourcecode.swift; path = GradientBackgroundView.swift; sourceTree = "<group>"; };
		18047D622760B6F9007254B6 /* CommonTextFieldView.swift */ = {isa = PBXFileReference; lastKnownFileType = sourcecode.swift; path = CommonTextFieldView.swift; sourceTree = "<group>"; };
		180C436E27795291009135C6 /* ImagePicker.swift */ = {isa = PBXFileReference; lastKnownFileType = sourcecode.swift; path = ImagePicker.swift; sourceTree = "<group>"; };
		180C4371277983BC009135C6 /* IOS-Instagram.postman_collection.json */ = {isa = PBXFileReference; fileEncoding = 4; lastKnownFileType = text.json; path = "IOS-Instagram.postman_collection.json"; sourceTree = "<group>"; };
		180C4373277987E8009135C6 /* UserModel.swift */ = {isa = PBXFileReference; lastKnownFileType = sourcecode.swift; path = UserModel.swift; sourceTree = "<group>"; };
		180C43752779ACEC009135C6 /* AuthService.swift */ = {isa = PBXFileReference; lastKnownFileType = sourcecode.swift; path = AuthService.swift; sourceTree = "<group>"; };
		18194838277D7B5500B2DB6D /* ReelsPlayer.swift */ = {isa = PBXFileReference; lastKnownFileType = sourcecode.swift; path = ReelsPlayer.swift; sourceTree = "<group>"; };
		1866345D2769CE8100C1B515 /* TestView.swift */ = {isa = PBXFileReference; lastKnownFileType = sourcecode.swift; path = TestView.swift; sourceTree = "<group>"; };
		189901CE277C602D005B0FFB /* ActivityViewModel.swift */ = {isa = PBXFileReference; lastKnownFileType = sourcecode.swift; path = ActivityViewModel.swift; sourceTree = "<group>"; };
		189901D1277C619E005B0FFB /* ActivityItemView.swift */ = {isa = PBXFileReference; lastKnownFileType = sourcecode.swift; path = ActivityItemView.swift; sourceTree = "<group>"; };
		189901D3277C61FB005B0FFB /* Enums.swift */ = {isa = PBXFileReference; lastKnownFileType = sourcecode.swift; path = Enums.swift; sourceTree = "<group>"; };
		189901D5277C64D0005B0FFB /* ActivityModel.swift */ = {isa = PBXFileReference; lastKnownFileType = sourcecode.swift; path = ActivityModel.swift; sourceTree = "<group>"; };
		189901D7277CC565005B0FFB /* ReelModel.swift */ = {isa = PBXFileReference; lastKnownFileType = sourcecode.swift; path = ReelModel.swift; sourceTree = "<group>"; };
		189901DA277CC6F9005B0FFB /* CustomVideoPlayer.swift */ = {isa = PBXFileReference; lastKnownFileType = sourcecode.swift; path = CustomVideoPlayer.swift; sourceTree = "<group>"; };
		189901DC277CCDF4005B0FFB /* Reel5.mp4 */ = {isa = PBXFileReference; lastKnownFileType = file; path = Reel5.mp4; sourceTree = "<group>"; };
		189901DD277CCDF5005B0FFB /* Reel6.mp4 */ = {isa = PBXFileReference; lastKnownFileType = file; path = Reel6.mp4; sourceTree = "<group>"; };
		189901DE277CCDF7005B0FFB /* Reel3.mp4 */ = {isa = PBXFileReference; lastKnownFileType = file; path = Reel3.mp4; sourceTree = "<group>"; };
		189901E0277CCDFE005B0FFB /* Reel4.mp4 */ = {isa = PBXFileReference; lastKnownFileType = file; path = Reel4.mp4; sourceTree = "<group>"; };
		189901E1277CCDFF005B0FFB /* Reel1.mp4 */ = {isa = PBXFileReference; lastKnownFileType = file; path = Reel1.mp4; sourceTree = "<group>"; };
		189901E8277CCEB8005B0FFB /* Reel2.mp4 */ = {isa = PBXFileReference; lastKnownFileType = file; path = Reel2.mp4; sourceTree = "<group>"; };
		18A2DE3E277C09B4004E047B /* AsyncImageLoader.swift */ = {isa = PBXFileReference; lastKnownFileType = sourcecode.swift; path = AsyncImageLoader.swift; sourceTree = "<group>"; };
		18A2DE42277C15B2004E047B /* AsyncImageView.swift */ = {isa = PBXFileReference; lastKnownFileType = sourcecode.swift; path = AsyncImageView.swift; sourceTree = "<group>"; };
		18A2DE44277C5239004E047B /* ProfileViewModel.swift */ = {isa = PBXFileReference; lastKnownFileType = sourcecode.swift; path = ProfileViewModel.swift; sourceTree = "<group>"; };
		18B0D0312774263E006E4122 /* HomeView.swift */ = {isa = PBXFileReference; lastKnownFileType = sourcecode.swift; path = HomeView.swift; sourceTree = "<group>"; };
		18B0D03327742651006E4122 /* SearchView.swift */ = {isa = PBXFileReference; lastKnownFileType = sourcecode.swift; path = SearchView.swift; sourceTree = "<group>"; };
		18B0D0352774265E006E4122 /* ReelsView.swift */ = {isa = PBXFileReference; lastKnownFileType = sourcecode.swift; path = ReelsView.swift; sourceTree = "<group>"; };
		18B0D03727742670006E4122 /* ActivityView.swift */ = {isa = PBXFileReference; lastKnownFileType = sourcecode.swift; path = ActivityView.swift; sourceTree = "<group>"; };
		18B0D0392774267A006E4122 /* ProfileView.swift */ = {isa = PBXFileReference; lastKnownFileType = sourcecode.swift; path = ProfileView.swift; sourceTree = "<group>"; };
		18B0D03B277426B2006E4122 /* DashboardView.swift */ = {isa = PBXFileReference; lastKnownFileType = sourcecode.swift; path = DashboardView.swift; sourceTree = "<group>"; };
		18B3D00D2770449A00DB5BB6 /* SignInHandler.swift */ = {isa = PBXFileReference; lastKnownFileType = sourcecode.swift; path = SignInHandler.swift; sourceTree = "<group>"; };
		18B3D00F277044A800DB5BB6 /* APIHandler.swift */ = {isa = PBXFileReference; lastKnownFileType = sourcecode.swift; path = APIHandler.swift; sourceTree = "<group>"; };
		18B3D0142770711B00DB5BB6 /* WoofResponse.swift */ = {isa = PBXFileReference; lastKnownFileType = sourcecode.swift; path = WoofResponse.swift; sourceTree = "<group>"; };
		18BD3133277AC93B00943E4A /* StoryView.swift */ = {isa = PBXFileReference; lastKnownFileType = sourcecode.swift; path = StoryView.swift; sourceTree = "<group>"; };
		18BD3135277AC95200943E4A /* PostView.swift */ = {isa = PBXFileReference; lastKnownFileType = sourcecode.swift; path = PostView.swift; sourceTree = "<group>"; };
		18BD3137277AEAA300943E4A /* PostModel.swift */ = {isa = PBXFileReference; lastKnownFileType = sourcecode.swift; path = PostModel.swift; sourceTree = "<group>"; };
		18BD3139277B7D8500943E4A /* HighlightText.swift */ = {isa = PBXFileReference; lastKnownFileType = sourcecode.swift; path = HighlightText.swift; sourceTree = "<group>"; };
		18BD313B277B91D300943E4A /* GridImagesView.swift */ = {isa = PBXFileReference; lastKnownFileType = sourcecode.swift; path = GridImagesView.swift; sourceTree = "<group>"; };
		18C5D2A3276837E700C0EA6B /* SignInViewModel.swift */ = {isa = PBXFileReference; lastKnownFileType = sourcecode.swift; path = SignInViewModel.swift; sourceTree = "<group>"; };
		18C5D2A527683E1000C0EA6B /* SignUpViewModel.swift */ = {isa = PBXFileReference; lastKnownFileType = sourcecode.swift; path = SignUpViewModel.swift; sourceTree = "<group>"; };
		18C5D2A727687B8C00C0EA6B /* Constants.swift */ = {isa = PBXFileReference; lastKnownFileType = sourcecode.swift; path = Constants.swift; sourceTree = "<group>"; };
		18FA8D6F2766FDC500C20F91 /* Extensions.swift */ = {isa = PBXFileReference; lastKnownFileType = sourcecode.swift; path = Extensions.swift; sourceTree = "<group>"; };
		18FA8D742767052C00C20F91 /* CommonStyle.swift */ = {isa = PBXFileReference; lastKnownFileType = sourcecode.swift; path = CommonStyle.swift; sourceTree = "<group>"; };
		18FA8D7927673E5D00C20F91 /* ImgAssets.swift */ = {isa = PBXFileReference; lastKnownFileType = sourcecode.swift; path = ImgAssets.swift; sourceTree = "<group>"; };
/* End PBXFileReference section */

/* Begin PBXFrameworksBuildPhase section */
		18047D1E27609E21007254B6 /* Frameworks */ = {
			isa = PBXFrameworksBuildPhase;
			buildActionMask = 2147483647;
			files = (
				18B3D01327705C5200DB5BB6 /* Alamofire in Frameworks */,
			);
			runOnlyForDeploymentPostprocessing = 0;
		};
		18047D2E27609E24007254B6 /* Frameworks */ = {
			isa = PBXFrameworksBuildPhase;
			buildActionMask = 2147483647;
			files = (
			);
			runOnlyForDeploymentPostprocessing = 0;
		};
		18047D3827609E24007254B6 /* Frameworks */ = {
			isa = PBXFrameworksBuildPhase;
			buildActionMask = 2147483647;
			files = (
			);
			runOnlyForDeploymentPostprocessing = 0;
		};
/* End PBXFrameworksBuildPhase section */

/* Begin PBXGroup section */
		18047D1827609E21007254B6 = {
			isa = PBXGroup;
			children = (
				189901E1277CCDFF005B0FFB /* Reel1.mp4 */,
				189901E8277CCEB8005B0FFB /* Reel2.mp4 */,
				189901DE277CCDF7005B0FFB /* Reel3.mp4 */,
				189901E0277CCDFE005B0FFB /* Reel4.mp4 */,
				189901DC277CCDF4005B0FFB /* Reel5.mp4 */,
				189901DD277CCDF5005B0FFB /* Reel6.mp4 */,
				18047D2327609E21007254B6 /* AnhnqInstaClone */,
				18047D3427609E24007254B6 /* AnhnqInstaCloneTests */,
				18047D3E27609E24007254B6 /* AnhnqInstaCloneUITests */,
				18047D2227609E21007254B6 /* Products */,
			);
			sourceTree = "<group>";
		};
		18047D2227609E21007254B6 /* Products */ = {
			isa = PBXGroup;
			children = (
				18047D2127609E21007254B6 /* AnhnqInstaClone.app */,
				18047D3127609E24007254B6 /* AnhnqInstaCloneTests.xctest */,
				18047D3B27609E24007254B6 /* AnhnqInstaCloneUITests.xctest */,
			);
			name = Products;
			sourceTree = "<group>";
		};
		18047D2327609E21007254B6 /* AnhnqInstaClone */ = {
			isa = PBXGroup;
			children = (
				18047D2427609E21007254B6 /* AnhnqInstaCloneApp.swift */,
				18047D552760A9DD007254B6 /* Views */,
				18FA8D76276739E100C20F91 /* Models */,
				18C5D2A22768377D00C0EA6B /* ViewModels */,
				18047D2627609E21007254B6 /* ContentView.swift */,
				18B3D00C2770444B00DB5BB6 /* Services */,
				18047D502760A69B007254B6 /* Helpers */,
				180C43702779839F009135C6 /* Resources */,
				18047D2827609E23007254B6 /* Assets.xcassets */,
				18047D2A27609E23007254B6 /* Preview Content */,
			);
			path = AnhnqInstaClone;
			sourceTree = "<group>";
		};
		18047D2A27609E23007254B6 /* Preview Content */ = {
			isa = PBXGroup;
			children = (
				18047D2B27609E23007254B6 /* Preview Assets.xcassets */,
			);
			path = "Preview Content";
			sourceTree = "<group>";
		};
		18047D3427609E24007254B6 /* AnhnqInstaCloneTests */ = {
			isa = PBXGroup;
			children = (
				18047D3527609E24007254B6 /* AnhnqInstaCloneTests.swift */,
			);
			path = AnhnqInstaCloneTests;
			sourceTree = "<group>";
		};
		18047D3E27609E24007254B6 /* AnhnqInstaCloneUITests */ = {
			isa = PBXGroup;
			children = (
				18047D3F27609E24007254B6 /* AnhnqInstaCloneUITests.swift */,
				18047D4127609E24007254B6 /* AnhnqInstaCloneUITestsLaunchTests.swift */,
			);
			path = AnhnqInstaCloneUITests;
			sourceTree = "<group>";
		};
		18047D502760A69B007254B6 /* Helpers */ = {
			isa = PBXGroup;
			children = (
				18FA8D6F2766FDC500C20F91 /* Extensions.swift */,
				18FA8D742767052C00C20F91 /* CommonStyle.swift */,
				18FA8D712767019400C20F91 /* CommonViews */,
				18FA8D7927673E5D00C20F91 /* ImgAssets.swift */,
				18C5D2A727687B8C00C0EA6B /* Constants.swift */,
				180C436E27795291009135C6 /* ImagePicker.swift */,
				18BD3139277B7D8500943E4A /* HighlightText.swift */,
				18A2DE3E277C09B4004E047B /* AsyncImageLoader.swift */,
				189901D3277C61FB005B0FFB /* Enums.swift */,
			);
			path = Helpers;
			sourceTree = "<group>";
		};
		18047D552760A9DD007254B6 /* Views */ = {
			isa = PBXGroup;
			children = (
				18BD3132277AC8D900943E4A /* Home */,
				18BD313D277B9B2600943E4A /* Search */,
				189901D9277CC6C1005B0FFB /* Reels */,
				189901D0277C617E005B0FFB /* Activity */,
				18047D582760AA10007254B6 /* SignUpView.swift */,
				18047D5C2760B035007254B6 /* SignInView.swift */,
				1866345D2769CE8100C1B515 /* TestView.swift */,
				18B0D0392774267A006E4122 /* ProfileView.swift */,
				18B0D03B277426B2006E4122 /* DashboardView.swift */,
			);
			path = Views;
			sourceTree = "<group>";
		};
		180C43702779839F009135C6 /* Resources */ = {
			isa = PBXGroup;
			children = (
				180C4371277983BC009135C6 /* IOS-Instagram.postman_collection.json */,
			);
			path = Resources;
			sourceTree = "<group>";
		};
		189901D0277C617E005B0FFB /* Activity */ = {
			isa = PBXGroup;
			children = (
				18B0D03727742670006E4122 /* ActivityView.swift */,
				189901D1277C619E005B0FFB /* ActivityItemView.swift */,
			);
			path = Activity;
			sourceTree = "<group>";
		};
		189901D9277CC6C1005B0FFB /* Reels */ = {
			isa = PBXGroup;
			children = (
				18B0D0352774265E006E4122 /* ReelsView.swift */,
				189901DA277CC6F9005B0FFB /* CustomVideoPlayer.swift */,
				18194838277D7B5500B2DB6D /* ReelsPlayer.swift */,
			);
			path = Reels;
			sourceTree = "<group>";
		};
		18B3D00C2770444B00DB5BB6 /* Services */ = {
			isa = PBXGroup;
			children = (
				18B3D00D2770449A00DB5BB6 /* SignInHandler.swift */,
				18B3D00F277044A800DB5BB6 /* APIHandler.swift */,
				180C43752779ACEC009135C6 /* AuthService.swift */,
			);
			path = Services;
			sourceTree = "<group>";
		};
		18BD3132277AC8D900943E4A /* Home */ = {
			isa = PBXGroup;
			children = (
				18B0D0312774263E006E4122 /* HomeView.swift */,
				18BD3133277AC93B00943E4A /* StoryView.swift */,
				18BD3135277AC95200943E4A /* PostView.swift */,
			);
			path = Home;
			sourceTree = "<group>";
		};
		18BD313D277B9B2600943E4A /* Search */ = {
			isa = PBXGroup;
			children = (
				18B0D03327742651006E4122 /* SearchView.swift */,
			);
			path = Search;
			sourceTree = "<group>";
		};
		18C5D2A22768377D00C0EA6B /* ViewModels */ = {
			isa = PBXGroup;
			children = (
				18C5D2A3276837E700C0EA6B /* SignInViewModel.swift */,
				18C5D2A527683E1000C0EA6B /* SignUpViewModel.swift */,
				18A2DE44277C5239004E047B /* ProfileViewModel.swift */,
				189901CE277C602D005B0FFB /* ActivityViewModel.swift */,
			);
			path = ViewModels;
			sourceTree = "<group>";
		};
		18FA8D712767019400C20F91 /* CommonViews */ = {
			isa = PBXGroup;
			children = (
				18047D622760B6F9007254B6 /* CommonTextFieldView.swift */,
				18047D5E2760B058007254B6 /* GradientBackgroundView.swift */,
				18BD313B277B91D300943E4A /* GridImagesView.swift */,
				18A2DE42277C15B2004E047B /* AsyncImageView.swift */,
			);
			path = CommonViews;
			sourceTree = "<group>";
		};
		18FA8D76276739E100C20F91 /* Models */ = {
			isa = PBXGroup;
			children = (
				18B3D0142770711B00DB5BB6 /* WoofResponse.swift */,
				180C4373277987E8009135C6 /* UserModel.swift */,
				18BD3137277AEAA300943E4A /* PostModel.swift */,
				189901D5277C64D0005B0FFB /* ActivityModel.swift */,
				189901D7277CC565005B0FFB /* ReelModel.swift */,
			);
			path = Models;
			sourceTree = "<group>";
		};
/* End PBXGroup section */

/* Begin PBXNativeTarget section */
		18047D2027609E21007254B6 /* AnhnqInstaClone */ = {
			isa = PBXNativeTarget;
			buildConfigurationList = 18047D4527609E24007254B6 /* Build configuration list for PBXNativeTarget "AnhnqInstaClone" */;
			buildPhases = (
				18047D1D27609E21007254B6 /* Sources */,
				18047D1E27609E21007254B6 /* Frameworks */,
				18047D1F27609E21007254B6 /* Resources */,
			);
			buildRules = (
			);
			dependencies = (
			);
			name = AnhnqInstaClone;
			packageProductDependencies = (
				18B3D01227705C5200DB5BB6 /* Alamofire */,
			);
			productName = AnhnqInstaClone;
			productReference = 18047D2127609E21007254B6 /* AnhnqInstaClone.app */;
			productType = "com.apple.product-type.application";
		};
		18047D3027609E24007254B6 /* AnhnqInstaCloneTests */ = {
			isa = PBXNativeTarget;
			buildConfigurationList = 18047D4827609E24007254B6 /* Build configuration list for PBXNativeTarget "AnhnqInstaCloneTests" */;
			buildPhases = (
				18047D2D27609E24007254B6 /* Sources */,
				18047D2E27609E24007254B6 /* Frameworks */,
				18047D2F27609E24007254B6 /* Resources */,
			);
			buildRules = (
			);
			dependencies = (
				18047D3327609E24007254B6 /* PBXTargetDependency */,
			);
			name = AnhnqInstaCloneTests;
			productName = AnhnqInstaCloneTests;
			productReference = 18047D3127609E24007254B6 /* AnhnqInstaCloneTests.xctest */;
			productType = "com.apple.product-type.bundle.unit-test";
		};
		18047D3A27609E24007254B6 /* AnhnqInstaCloneUITests */ = {
			isa = PBXNativeTarget;
			buildConfigurationList = 18047D4B27609E24007254B6 /* Build configuration list for PBXNativeTarget "AnhnqInstaCloneUITests" */;
			buildPhases = (
				18047D3727609E24007254B6 /* Sources */,
				18047D3827609E24007254B6 /* Frameworks */,
				18047D3927609E24007254B6 /* Resources */,
			);
			buildRules = (
			);
			dependencies = (
				18047D3D27609E24007254B6 /* PBXTargetDependency */,
			);
			name = AnhnqInstaCloneUITests;
			productName = AnhnqInstaCloneUITests;
			productReference = 18047D3B27609E24007254B6 /* AnhnqInstaCloneUITests.xctest */;
			productType = "com.apple.product-type.bundle.ui-testing";
		};
/* End PBXNativeTarget section */

/* Begin PBXProject section */
		18047D1927609E21007254B6 /* Project object */ = {
			isa = PBXProject;
			attributes = {
				BuildIndependentTargetsInParallel = 1;
				LastSwiftUpdateCheck = 1310;
				LastUpgradeCheck = 1310;
				TargetAttributes = {
					18047D2027609E21007254B6 = {
						CreatedOnToolsVersion = 13.1;
					};
					18047D3027609E24007254B6 = {
						CreatedOnToolsVersion = 13.1;
						TestTargetID = 18047D2027609E21007254B6;
					};
					18047D3A27609E24007254B6 = {
						CreatedOnToolsVersion = 13.1;
						TestTargetID = 18047D2027609E21007254B6;
					};
				};
			};
			buildConfigurationList = 18047D1C27609E21007254B6 /* Build configuration list for PBXProject "AnhnqInstaClone" */;
			compatibilityVersion = "Xcode 13.0";
			developmentRegion = en;
			hasScannedForEncodings = 0;
			knownRegions = (
				en,
				Base,
			);
			mainGroup = 18047D1827609E21007254B6;
			packageReferences = (
				18B3D01127705C5200DB5BB6 /* XCRemoteSwiftPackageReference "Alamofire" */,
			);
			productRefGroup = 18047D2227609E21007254B6 /* Products */;
			projectDirPath = "";
			projectRoot = "";
			targets = (
				18047D2027609E21007254B6 /* AnhnqInstaClone */,
				18047D3027609E24007254B6 /* AnhnqInstaCloneTests */,
				18047D3A27609E24007254B6 /* AnhnqInstaCloneUITests */,
			);
		};
/* End PBXProject section */

/* Begin PBXResourcesBuildPhase section */
		18047D1F27609E21007254B6 /* Resources */ = {
			isa = PBXResourcesBuildPhase;
			buildActionMask = 2147483647;
			files = (
				189901E9277CCEB9005B0FFB /* Reel2.mp4 in Resources */,
				189901E2277CCDFF005B0FFB /* Reel5.mp4 in Resources */,
				189901E3277CCDFF005B0FFB /* Reel6.mp4 in Resources */,
				189901E4277CCDFF005B0FFB /* Reel3.mp4 in Resources */,
				189901E6277CCDFF005B0FFB /* Reel4.mp4 in Resources */,
				189901E7277CCDFF005B0FFB /* Reel1.mp4 in Resources */,
				180C4372277983BC009135C6 /* IOS-Instagram.postman_collection.json in Resources */,
				18047D2C27609E23007254B6 /* Preview Assets.xcassets in Resources */,
				18047D2927609E23007254B6 /* Assets.xcassets in Resources */,
			);
			runOnlyForDeploymentPostprocessing = 0;
		};
		18047D2F27609E24007254B6 /* Resources */ = {
			isa = PBXResourcesBuildPhase;
			buildActionMask = 2147483647;
			files = (
			);
			runOnlyForDeploymentPostprocessing = 0;
		};
		18047D3927609E24007254B6 /* Resources */ = {
			isa = PBXResourcesBuildPhase;
			buildActionMask = 2147483647;
			files = (
			);
			runOnlyForDeploymentPostprocessing = 0;
		};
/* End PBXResourcesBuildPhase section */

/* Begin PBXSourcesBuildPhase section */
		18047D1D27609E21007254B6 /* Sources */ = {
			isa = PBXSourcesBuildPhase;
			buildActionMask = 2147483647;
			files = (
				18047D5D2760B035007254B6 /* SignInView.swift in Sources */,
				18FA8D7A27673E5D00C20F91 /* ImgAssets.swift in Sources */,
				18B3D00E2770449A00DB5BB6 /* SignInHandler.swift in Sources */,
				18047D2727609E21007254B6 /* ContentView.swift in Sources */,
				18194839277D7B5500B2DB6D /* ReelsPlayer.swift in Sources */,
				18047D632760B6F9007254B6 /* CommonTextFieldView.swift in Sources */,
				18BD313C277B91D300943E4A /* GridImagesView.swift in Sources */,
				18B0D0322774263E006E4122 /* HomeView.swift in Sources */,
				18047D2527609E21007254B6 /* AnhnqInstaCloneApp.swift in Sources */,
				180C43762779ACEC009135C6 /* AuthService.swift in Sources */,
				18FA8D702766FDC500C20F91 /* Extensions.swift in Sources */,
				18B3D0152770711B00DB5BB6 /* WoofResponse.swift in Sources */,
				189901D8277CC566005B0FFB /* ReelModel.swift in Sources */,
				189901D6277C64D0005B0FFB /* ActivityModel.swift in Sources */,
				18A2DE43277C15B2004E047B /* AsyncImageView.swift in Sources */,
				189901D2277C619E005B0FFB /* ActivityItemView.swift in Sources */,
				18047D592760AA10007254B6 /* SignUpView.swift in Sources */,
				180C4374277987E8009135C6 /* UserModel.swift in Sources */,
				18B0D03427742651006E4122 /* SearchView.swift in Sources */,
				18FA8D752767052C00C20F91 /* CommonStyle.swift in Sources */,
				18C5D2A4276837E700C0EA6B /* SignInViewModel.swift in Sources */,
				180C436F27795291009135C6 /* ImagePicker.swift in Sources */,
				18A2DE45277C5239004E047B /* ProfileViewModel.swift in Sources */,
				18B0D03827742670006E4122 /* ActivityView.swift in Sources */,
				18C5D2A627683E1000C0EA6B /* SignUpViewModel.swift in Sources */,
				18047D5F2760B058007254B6 /* GradientBackgroundView.swift in Sources */,
				18BD3138277AEAA300943E4A /* PostModel.swift in Sources */,
				189901CF277C602D005B0FFB /* ActivityViewModel.swift in Sources */,
				18B0D0362774265E006E4122 /* ReelsView.swift in Sources */,
				18B0D03C277426B2006E4122 /* DashboardView.swift in Sources */,
				18B3D010277044A800DB5BB6 /* APIHandler.swift in Sources */,
				18BD3134277AC93C00943E4A /* StoryView.swift in Sources */,
				18C5D2A827687B8C00C0EA6B /* Constants.swift in Sources */,
				18B0D03A2774267A006E4122 /* ProfileView.swift in Sources */,
				18A2DE3F277C09B4004E047B /* AsyncImageLoader.swift in Sources */,
				18BD3136277AC95200943E4A /* PostView.swift in Sources */,
				189901DB277CC6F9005B0FFB /* CustomVideoPlayer.swift in Sources */,
				1866345E2769CE8100C1B515 /* TestView.swift in Sources */,
				189901D4277C61FB005B0FFB /* Enums.swift in Sources */,
				18BD313A277B7D8600943E4A /* HighlightText.swift in Sources */,
			);
			runOnlyForDeploymentPostprocessing = 0;
		};
		18047D2D27609E24007254B6 /* Sources */ = {
			isa = PBXSourcesBuildPhase;
			buildActionMask = 2147483647;
			files = (
				18047D3627609E24007254B6 /* AnhnqInstaCloneTests.swift in Sources */,
			);
			runOnlyForDeploymentPostprocessing = 0;
		};
		18047D3727609E24007254B6 /* Sources */ = {
			isa = PBXSourcesBuildPhase;
			buildActionMask = 2147483647;
			files = (
				18047D4027609E24007254B6 /* AnhnqInstaCloneUITests.swift in Sources */,
				18047D4227609E24007254B6 /* AnhnqInstaCloneUITestsLaunchTests.swift in Sources */,
			);
			runOnlyForDeploymentPostprocessing = 0;
		};
/* End PBXSourcesBuildPhase section */

/* Begin PBXTargetDependency section */
		18047D3327609E24007254B6 /* PBXTargetDependency */ = {
			isa = PBXTargetDependency;
			target = 18047D2027609E21007254B6 /* AnhnqInstaClone */;
			targetProxy = 18047D3227609E24007254B6 /* PBXContainerItemProxy */;
		};
		18047D3D27609E24007254B6 /* PBXTargetDependency */ = {
			isa = PBXTargetDependency;
			target = 18047D2027609E21007254B6 /* AnhnqInstaClone */;
			targetProxy = 18047D3C27609E24007254B6 /* PBXContainerItemProxy */;
		};
/* End PBXTargetDependency section */

/* Begin XCBuildConfiguration section */
		18047D4327609E24007254B6 /* Debug */ = {
			isa = XCBuildConfiguration;
			buildSettings = {
				ALWAYS_SEARCH_USER_PATHS = NO;
				CLANG_ANALYZER_NONNULL = YES;
				CLANG_ANALYZER_NUMBER_OBJECT_CONVERSION = YES_AGGRESSIVE;
				CLANG_CXX_LANGUAGE_STANDARD = "gnu++17";
				CLANG_CXX_LIBRARY = "libc++";
				CLANG_ENABLE_MODULES = YES;
				CLANG_ENABLE_OBJC_ARC = YES;
				CLANG_ENABLE_OBJC_WEAK = YES;
				CLANG_WARN_BLOCK_CAPTURE_AUTORELEASING = YES;
				CLANG_WARN_BOOL_CONVERSION = YES;
				CLANG_WARN_COMMA = YES;
				CLANG_WARN_CONSTANT_CONVERSION = YES;
				CLANG_WARN_DEPRECATED_OBJC_IMPLEMENTATIONS = YES;
				CLANG_WARN_DIRECT_OBJC_ISA_USAGE = YES_ERROR;
				CLANG_WARN_DOCUMENTATION_COMMENTS = YES;
				CLANG_WARN_EMPTY_BODY = YES;
				CLANG_WARN_ENUM_CONVERSION = YES;
				CLANG_WARN_INFINITE_RECURSION = YES;
				CLANG_WARN_INT_CONVERSION = YES;
				CLANG_WARN_NON_LITERAL_NULL_CONVERSION = YES;
				CLANG_WARN_OBJC_IMPLICIT_RETAIN_SELF = YES;
				CLANG_WARN_OBJC_LITERAL_CONVERSION = YES;
				CLANG_WARN_OBJC_ROOT_CLASS = YES_ERROR;
				CLANG_WARN_QUOTED_INCLUDE_IN_FRAMEWORK_HEADER = YES;
				CLANG_WARN_RANGE_LOOP_ANALYSIS = YES;
				CLANG_WARN_STRICT_PROTOTYPES = YES;
				CLANG_WARN_SUSPICIOUS_MOVE = YES;
				CLANG_WARN_UNGUARDED_AVAILABILITY = YES_AGGRESSIVE;
				CLANG_WARN_UNREACHABLE_CODE = YES;
				CLANG_WARN__DUPLICATE_METHOD_MATCH = YES;
				COPY_PHASE_STRIP = NO;
				DEBUG_INFORMATION_FORMAT = dwarf;
				ENABLE_STRICT_OBJC_MSGSEND = YES;
				ENABLE_TESTABILITY = YES;
				GCC_C_LANGUAGE_STANDARD = gnu11;
				GCC_DYNAMIC_NO_PIC = NO;
				GCC_NO_COMMON_BLOCKS = YES;
				GCC_OPTIMIZATION_LEVEL = 0;
				GCC_PREPROCESSOR_DEFINITIONS = (
					"DEBUG=1",
					"$(inherited)",
				);
				GCC_WARN_64_TO_32_BIT_CONVERSION = YES;
				GCC_WARN_ABOUT_RETURN_TYPE = YES_ERROR;
				GCC_WARN_UNDECLARED_SELECTOR = YES;
				GCC_WARN_UNINITIALIZED_AUTOS = YES_AGGRESSIVE;
				GCC_WARN_UNUSED_FUNCTION = YES;
				GCC_WARN_UNUSED_VARIABLE = YES;
				IPHONEOS_DEPLOYMENT_TARGET = 15.0;
				MTL_ENABLE_DEBUG_INFO = INCLUDE_SOURCE;
				MTL_FAST_MATH = YES;
				ONLY_ACTIVE_ARCH = YES;
				SDKROOT = iphoneos;
				SWIFT_ACTIVE_COMPILATION_CONDITIONS = DEBUG;
				SWIFT_OPTIMIZATION_LEVEL = "-Onone";
			};
			name = Debug;
		};
		18047D4427609E24007254B6 /* Release */ = {
			isa = XCBuildConfiguration;
			buildSettings = {
				ALWAYS_SEARCH_USER_PATHS = NO;
				CLANG_ANALYZER_NONNULL = YES;
				CLANG_ANALYZER_NUMBER_OBJECT_CONVERSION = YES_AGGRESSIVE;
				CLANG_CXX_LANGUAGE_STANDARD = "gnu++17";
				CLANG_CXX_LIBRARY = "libc++";
				CLANG_ENABLE_MODULES = YES;
				CLANG_ENABLE_OBJC_ARC = YES;
				CLANG_ENABLE_OBJC_WEAK = YES;
				CLANG_WARN_BLOCK_CAPTURE_AUTORELEASING = YES;
				CLANG_WARN_BOOL_CONVERSION = YES;
				CLANG_WARN_COMMA = YES;
				CLANG_WARN_CONSTANT_CONVERSION = YES;
				CLANG_WARN_DEPRECATED_OBJC_IMPLEMENTATIONS = YES;
				CLANG_WARN_DIRECT_OBJC_ISA_USAGE = YES_ERROR;
				CLANG_WARN_DOCUMENTATION_COMMENTS = YES;
				CLANG_WARN_EMPTY_BODY = YES;
				CLANG_WARN_ENUM_CONVERSION = YES;
				CLANG_WARN_INFINITE_RECURSION = YES;
				CLANG_WARN_INT_CONVERSION = YES;
				CLANG_WARN_NON_LITERAL_NULL_CONVERSION = YES;
				CLANG_WARN_OBJC_IMPLICIT_RETAIN_SELF = YES;
				CLANG_WARN_OBJC_LITERAL_CONVERSION = YES;
				CLANG_WARN_OBJC_ROOT_CLASS = YES_ERROR;
				CLANG_WARN_QUOTED_INCLUDE_IN_FRAMEWORK_HEADER = YES;
				CLANG_WARN_RANGE_LOOP_ANALYSIS = YES;
				CLANG_WARN_STRICT_PROTOTYPES = YES;
				CLANG_WARN_SUSPICIOUS_MOVE = YES;
				CLANG_WARN_UNGUARDED_AVAILABILITY = YES_AGGRESSIVE;
				CLANG_WARN_UNREACHABLE_CODE = YES;
				CLANG_WARN__DUPLICATE_METHOD_MATCH = YES;
				COPY_PHASE_STRIP = NO;
				DEBUG_INFORMATION_FORMAT = "dwarf-with-dsym";
				ENABLE_NS_ASSERTIONS = NO;
				ENABLE_STRICT_OBJC_MSGSEND = YES;
				GCC_C_LANGUAGE_STANDARD = gnu11;
				GCC_NO_COMMON_BLOCKS = YES;
				GCC_WARN_64_TO_32_BIT_CONVERSION = YES;
				GCC_WARN_ABOUT_RETURN_TYPE = YES_ERROR;
				GCC_WARN_UNDECLARED_SELECTOR = YES;
				GCC_WARN_UNINITIALIZED_AUTOS = YES_AGGRESSIVE;
				GCC_WARN_UNUSED_FUNCTION = YES;
				GCC_WARN_UNUSED_VARIABLE = YES;
				IPHONEOS_DEPLOYMENT_TARGET = 15.0;
				MTL_ENABLE_DEBUG_INFO = NO;
				MTL_FAST_MATH = YES;
				SDKROOT = iphoneos;
				SWIFT_COMPILATION_MODE = wholemodule;
				SWIFT_OPTIMIZATION_LEVEL = "-O";
				VALIDATE_PRODUCT = YES;
			};
			name = Release;
		};
		18047D4627609E24007254B6 /* Debug */ = {
			isa = XCBuildConfiguration;
			buildSettings = {
				ASSETCATALOG_COMPILER_APPICON_NAME = AppIcon;
				ASSETCATALOG_COMPILER_GLOBAL_ACCENT_COLOR_NAME = AccentColor;
				CODE_SIGN_STYLE = Automatic;
				CURRENT_PROJECT_VERSION = 1;
				DEVELOPMENT_ASSET_PATHS = "\"AnhnqInstaClone/Preview Content\"";
				DEVELOPMENT_TEAM = 2QPB768485;
				ENABLE_PREVIEWS = YES;
				GENERATE_INFOPLIST_FILE = YES;
				INFOPLIST_KEY_UIApplicationSceneManifest_Generation = YES;
				INFOPLIST_KEY_UIApplicationSupportsIndirectInputEvents = YES;
				INFOPLIST_KEY_UILaunchScreen_Generation = YES;
				INFOPLIST_KEY_UISupportedInterfaceOrientations_iPad = "UIInterfaceOrientationPortrait UIInterfaceOrientationPortraitUpsideDown UIInterfaceOrientationLandscapeLeft UIInterfaceOrientationLandscapeRight";
				INFOPLIST_KEY_UISupportedInterfaceOrientations_iPhone = "UIInterfaceOrientationPortrait UIInterfaceOrientationLandscapeLeft UIInterfaceOrientationLandscapeRight";
				LD_RUNPATH_SEARCH_PATHS = (
					"$(inherited)",
					"@executable_path/Frameworks",
				);
				MARKETING_VERSION = 1.0;
				PRODUCT_BUNDLE_IDENTIFIER = Runsystem.AnhnqInstaClone;
				PRODUCT_NAME = "$(TARGET_NAME)";
				SWIFT_EMIT_LOC_STRINGS = YES;
				SWIFT_VERSION = 5.0;
				TARGETED_DEVICE_FAMILY = "1,2";
			};
			name = Debug;
		};
		18047D4727609E24007254B6 /* Release */ = {
			isa = XCBuildConfiguration;
			buildSettings = {
				ASSETCATALOG_COMPILER_APPICON_NAME = AppIcon;
				ASSETCATALOG_COMPILER_GLOBAL_ACCENT_COLOR_NAME = AccentColor;
				CODE_SIGN_STYLE = Automatic;
				CURRENT_PROJECT_VERSION = 1;
				DEVELOPMENT_ASSET_PATHS = "\"AnhnqInstaClone/Preview Content\"";
				DEVELOPMENT_TEAM = 2QPB768485;
				ENABLE_PREVIEWS = YES;
				GENERATE_INFOPLIST_FILE = YES;
				INFOPLIST_KEY_UIApplicationSceneManifest_Generation = YES;
				INFOPLIST_KEY_UIApplicationSupportsIndirectInputEvents = YES;
				INFOPLIST_KEY_UILaunchScreen_Generation = YES;
				INFOPLIST_KEY_UISupportedInterfaceOrientations_iPad = "UIInterfaceOrientationPortrait UIInterfaceOrientationPortraitUpsideDown UIInterfaceOrientationLandscapeLeft UIInterfaceOrientationLandscapeRight";
				INFOPLIST_KEY_UISupportedInterfaceOrientations_iPhone = "UIInterfaceOrientationPortrait UIInterfaceOrientationLandscapeLeft UIInterfaceOrientationLandscapeRight";
				LD_RUNPATH_SEARCH_PATHS = (
					"$(inherited)",
					"@executable_path/Frameworks",
				);
				MARKETING_VERSION = 1.0;
				PRODUCT_BUNDLE_IDENTIFIER = Runsystem.AnhnqInstaClone;
				PRODUCT_NAME = "$(TARGET_NAME)";
				SWIFT_EMIT_LOC_STRINGS = YES;
				SWIFT_VERSION = 5.0;
				TARGETED_DEVICE_FAMILY = "1,2";
			};
			name = Release;
		};
		18047D4927609E24007254B6 /* Debug */ = {
			isa = XCBuildConfiguration;
			buildSettings = {
				ALWAYS_EMBED_SWIFT_STANDARD_LIBRARIES = YES;
				BUNDLE_LOADER = "$(TEST_HOST)";
				CODE_SIGN_STYLE = Automatic;
				CURRENT_PROJECT_VERSION = 1;
				DEVELOPMENT_TEAM = 2QPB768485;
				GENERATE_INFOPLIST_FILE = YES;
				IPHONEOS_DEPLOYMENT_TARGET = 15.0;
				LD_RUNPATH_SEARCH_PATHS = (
					"$(inherited)",
					"@executable_path/Frameworks",
					"@loader_path/Frameworks",
				);
				MARKETING_VERSION = 1.0;
				PRODUCT_BUNDLE_IDENTIFIER = Runsystem.AnhnqInstaCloneTests;
				PRODUCT_NAME = "$(TARGET_NAME)";
				SWIFT_EMIT_LOC_STRINGS = NO;
				SWIFT_VERSION = 5.0;
				TARGETED_DEVICE_FAMILY = "1,2";
				TEST_HOST = "$(BUILT_PRODUCTS_DIR)/AnhnqInstaClone.app/AnhnqInstaClone";
			};
			name = Debug;
		};
		18047D4A27609E24007254B6 /* Release */ = {
			isa = XCBuildConfiguration;
			buildSettings = {
				ALWAYS_EMBED_SWIFT_STANDARD_LIBRARIES = YES;
				BUNDLE_LOADER = "$(TEST_HOST)";
				CODE_SIGN_STYLE = Automatic;
				CURRENT_PROJECT_VERSION = 1;
				DEVELOPMENT_TEAM = 2QPB768485;
				GENERATE_INFOPLIST_FILE = YES;
				IPHONEOS_DEPLOYMENT_TARGET = 15.0;
				LD_RUNPATH_SEARCH_PATHS = (
					"$(inherited)",
					"@executable_path/Frameworks",
					"@loader_path/Frameworks",
				);
				MARKETING_VERSION = 1.0;
				PRODUCT_BUNDLE_IDENTIFIER = Runsystem.AnhnqInstaCloneTests;
				PRODUCT_NAME = "$(TARGET_NAME)";
				SWIFT_EMIT_LOC_STRINGS = NO;
				SWIFT_VERSION = 5.0;
				TARGETED_DEVICE_FAMILY = "1,2";
				TEST_HOST = "$(BUILT_PRODUCTS_DIR)/AnhnqInstaClone.app/AnhnqInstaClone";
			};
			name = Release;
		};
		18047D4C27609E24007254B6 /* Debug */ = {
			isa = XCBuildConfiguration;
			buildSettings = {
				ALWAYS_EMBED_SWIFT_STANDARD_LIBRARIES = YES;
				CODE_SIGN_STYLE = Automatic;
				CURRENT_PROJECT_VERSION = 1;
				DEVELOPMENT_TEAM = 2QPB768485;
				GENERATE_INFOPLIST_FILE = YES;
				LD_RUNPATH_SEARCH_PATHS = (
					"$(inherited)",
					"@executable_path/Frameworks",
					"@loader_path/Frameworks",
				);
				MARKETING_VERSION = 1.0;
				PRODUCT_BUNDLE_IDENTIFIER = Runsystem.AnhnqInstaCloneUITests;
				PRODUCT_NAME = "$(TARGET_NAME)";
				SWIFT_EMIT_LOC_STRINGS = NO;
				SWIFT_VERSION = 5.0;
				TARGETED_DEVICE_FAMILY = "1,2";
				TEST_TARGET_NAME = AnhnqInstaClone;
			};
			name = Debug;
		};
		18047D4D27609E24007254B6 /* Release */ = {
			isa = XCBuildConfiguration;
			buildSettings = {
				ALWAYS_EMBED_SWIFT_STANDARD_LIBRARIES = YES;
				CODE_SIGN_STYLE = Automatic;
				CURRENT_PROJECT_VERSION = 1;
				DEVELOPMENT_TEAM = 2QPB768485;
				GENERATE_INFOPLIST_FILE = YES;
				LD_RUNPATH_SEARCH_PATHS = (
					"$(inherited)",
					"@executable_path/Frameworks",
					"@loader_path/Frameworks",
				);
				MARKETING_VERSION = 1.0;
				PRODUCT_BUNDLE_IDENTIFIER = Runsystem.AnhnqInstaCloneUITests;
				PRODUCT_NAME = "$(TARGET_NAME)";
				SWIFT_EMIT_LOC_STRINGS = NO;
				SWIFT_VERSION = 5.0;
				TARGETED_DEVICE_FAMILY = "1,2";
				TEST_TARGET_NAME = AnhnqInstaClone;
			};
			name = Release;
		};
/* End XCBuildConfiguration section */

/* Begin XCConfigurationList section */
		18047D1C27609E21007254B6 /* Build configuration list for PBXProject "AnhnqInstaClone" */ = {
			isa = XCConfigurationList;
			buildConfigurations = (
				18047D4327609E24007254B6 /* Debug */,
				18047D4427609E24007254B6 /* Release */,
			);
			defaultConfigurationIsVisible = 0;
			defaultConfigurationName = Release;
		};
		18047D4527609E24007254B6 /* Build configuration list for PBXNativeTarget "AnhnqInstaClone" */ = {
			isa = XCConfigurationList;
			buildConfigurations = (
				18047D4627609E24007254B6 /* Debug */,
				18047D4727609E24007254B6 /* Release */,
			);
			defaultConfigurationIsVisible = 0;
			defaultConfigurationName = Release;
		};
		18047D4827609E24007254B6 /* Build configuration list for PBXNativeTarget "AnhnqInstaCloneTests" */ = {
			isa = XCConfigurationList;
			buildConfigurations = (
				18047D4927609E24007254B6 /* Debug */,
				18047D4A27609E24007254B6 /* Release */,
			);
			defaultConfigurationIsVisible = 0;
			defaultConfigurationName = Release;
		};
		18047D4B27609E24007254B6 /* Build configuration list for PBXNativeTarget "AnhnqInstaCloneUITests" */ = {
			isa = XCConfigurationList;
			buildConfigurations = (
				18047D4C27609E24007254B6 /* Debug */,
				18047D4D27609E24007254B6 /* Release */,
			);
			defaultConfigurationIsVisible = 0;
			defaultConfigurationName = Release;
		};
/* End XCConfigurationList section */

/* Begin XCRemoteSwiftPackageReference section */
		18B3D01127705C5200DB5BB6 /* XCRemoteSwiftPackageReference "Alamofire" */ = {
			isa = XCRemoteSwiftPackageReference;
			repositoryURL = "git@github.com:Alamofire/Alamofire.git";
			requirement = {
				kind = upToNextMajorVersion;
				minimumVersion = 5.0.0;
			};
		};
/* End XCRemoteSwiftPackageReference section */

/* Begin XCSwiftPackageProductDependency section */
		18B3D01227705C5200DB5BB6 /* Alamofire */ = {
			isa = XCSwiftPackageProductDependency;
			package = 18B3D01127705C5200DB5BB6 /* XCRemoteSwiftPackageReference "Alamofire" */;
			productName = Alamofire;
		};
/* End XCSwiftPackageProductDependency section */
	};
	rootObject = 18047D1927609E21007254B6 /* Project object */;
}
